// !$*UTF8*$!
{
	archiveVersion = 1;
	classes = {
	};
	objectVersion = 56;
	objects = {

/* Begin PBXBuildFile section */
		4B3EB14E2B2C0CC600706EA7 /* AppDelegate.swift in Sources */ = {isa = PBXBuildFile; fileRef = 4B3EB14D2B2C0CC600706EA7 /* AppDelegate.swift */; };
		4B3EB1502B2C0CC600706EA7 /* SceneDelegate.swift in Sources */ = {isa = PBXBuildFile; fileRef = 4B3EB14F2B2C0CC600706EA7 /* SceneDelegate.swift */; };
		4B3EB1522B2C0CC700706EA7 /* ViewController.swift in Sources */ = {isa = PBXBuildFile; fileRef = 4B3EB1512B2C0CC600706EA7 /* ViewController.swift */; };
		4B3EB1552B2C0CC700706EA7 /* Main.storyboard in Resources */ = {isa = PBXBuildFile; fileRef = 4B3EB1532B2C0CC700706EA7 /* Main.storyboard */; };
		4B3EB1582B2C0CC700706EA7 /* CoreData_TodoList.xcdatamodeld in Sources */ = {isa = PBXBuildFile; fileRef = 4B3EB1562B2C0CC700706EA7 /* CoreData_TodoList.xcdatamodeld */; };
		4B3EB15A2B2C0CC800706EA7 /* Assets.xcassets in Resources */ = {isa = PBXBuildFile; fileRef = 4B3EB1592B2C0CC800706EA7 /* Assets.xcassets */; };
		4B3EB15D2B2C0CC800706EA7 /* LaunchScreen.storyboard in Resources */ = {isa = PBXBuildFile; fileRef = 4B3EB15B2B2C0CC800706EA7 /* LaunchScreen.storyboard */; };
		4B3EB16A2B2C0F1F00706EA7 /* CoreDataModel.swift in Sources */ = {isa = PBXBuildFile; fileRef = 4B3EB1682B2C0F1F00706EA7 /* CoreDataModel.swift */; };
		4B3EB16B2B2C0F1F00706EA7 /* CoreData+extension.swift in Sources */ = {isa = PBXBuildFile; fileRef = 4B3EB1692B2C0F1F00706EA7 /* CoreData+extension.swift */; };
/* End PBXBuildFile section */

/* Begin PBXFileReference section */
		4B3EB14A2B2C0CC600706EA7 /* ZTodoList.app */ = {isa = PBXFileReference; explicitFileType = wrapper.application; includeInIndex = 0; path = ZTodoList.app; sourceTree = BUILT_PRODUCTS_DIR; };
		4B3EB14D2B2C0CC600706EA7 /* AppDelegate.swift */ = {isa = PBXFileReference; lastKnownFileType = sourcecode.swift; path = AppDelegate.swift; sourceTree = "<group>"; };
		4B3EB14F2B2C0CC600706EA7 /* SceneDelegate.swift */ = {isa = PBXFileReference; lastKnownFileType = sourcecode.swift; path = SceneDelegate.swift; sourceTree = "<group>"; };
		4B3EB1512B2C0CC600706EA7 /* ViewController.swift */ = {isa = PBXFileReference; lastKnownFileType = sourcecode.swift; path = ViewController.swift; sourceTree = "<group>"; };
		4B3EB1542B2C0CC700706EA7 /* Base */ = {isa = PBXFileReference; lastKnownFileType = file.storyboard; name = Base; path = Base.lproj/Main.storyboard; sourceTree = "<group>"; };
		4B3EB1572B2C0CC700706EA7 /* CoreData_TODOList_Demo.xcdatamodel */ = {isa = PBXFileReference; lastKnownFileType = wrapper.xcdatamodel; path = CoreData_TODOList_Demo.xcdatamodel; sourceTree = "<group>"; };
		4B3EB1592B2C0CC800706EA7 /* Assets.xcassets */ = {isa = PBXFileReference; lastKnownFileType = folder.assetcatalog; path = Assets.xcassets; sourceTree = "<group>"; };
		4B3EB15C2B2C0CC800706EA7 /* Base */ = {isa = PBXFileReference; lastKnownFileType = file.storyboard; name = Base; path = Base.lproj/LaunchScreen.storyboard; sourceTree = "<group>"; };
		4B3EB15E2B2C0CC800706EA7 /* Info.plist */ = {isa = PBXFileReference; lastKnownFileType = text.plist.xml; path = Info.plist; sourceTree = "<group>"; };
		4B3EB1682B2C0F1F00706EA7 /* CoreDataModel.swift */ = {isa = PBXFileReference; lastKnownFileType = sourcecode.swift; path = CoreDataModel.swift; sourceTree = "<group>"; };
		4B3EB1692B2C0F1F00706EA7 /* CoreData+extension.swift */ = {isa = PBXFileReference; lastKnownFileType = sourcecode.swift; path = "CoreData+extension.swift"; sourceTree = "<group>"; };
/* End PBXFileReference section */

/* Begin PBXFrameworksBuildPhase section */
		4B3EB1472B2C0CC600706EA7 /* Frameworks */ = {
			isa = PBXFrameworksBuildPhase;
			buildActionMask = 2147483647;
			files = (
			);
			runOnlyForDeploymentPostprocessing = 0;
		};
/* End PBXFrameworksBuildPhase section */

/* Begin PBXGroup section */
		4B3EB1412B2C0CC600706EA7 = {
			isa = PBXGroup;
			children = (
				4B3EB14C2B2C0CC600706EA7 /* ZTodoList */,
				4B3EB14B2B2C0CC600706EA7 /* Products */,
			);
			sourceTree = "<group>";
		};
		4B3EB14B2B2C0CC600706EA7 /* Products */ = {
			isa = PBXGroup;
			children = (
				4B3EB14A2B2C0CC600706EA7 /* ZTodoList.app */,
			);
			name = Products;
			sourceTree = "<group>";
		};
		4B3EB14C2B2C0CC600706EA7 /* ZTodoList */ = {
			isa = PBXGroup;
			children = (
				5CE034122BD5A2CE0075C23A /* ViewController */,
				4B3EB16C2B2C0F3600706EA7 /* Model */,
				4B3EB14D2B2C0CC600706EA7 /* AppDelegate.swift */,
				4B3EB14F2B2C0CC600706EA7 /* SceneDelegate.swift */,
				4B3EB1532B2C0CC700706EA7 /* Main.storyboard */,
				4B3EB1592B2C0CC800706EA7 /* Assets.xcassets */,
				4B3EB15B2B2C0CC800706EA7 /* LaunchScreen.storyboard */,
				4B3EB15E2B2C0CC800706EA7 /* Info.plist */,
				4B3EB1562B2C0CC700706EA7 /* CoreData_TodoList.xcdatamodeld */,
			);
			path = ZTodoList;
			sourceTree = "<group>";
		};
		4B3EB16C2B2C0F3600706EA7 /* Model */ = {
			isa = PBXGroup;
			children = (
				4B3EB1682B2C0F1F00706EA7 /* CoreDataModel.swift */,
				4B3EB1692B2C0F1F00706EA7 /* CoreData+extension.swift */,
			);
			path = Model;
			sourceTree = "<group>";
		};
		5CE034122BD5A2CE0075C23A /* ViewController */ = {
			isa = PBXGroup;
			children = (
				4B3EB1512B2C0CC600706EA7 /* ViewController.swift */,
			);
			path = ViewController;
			sourceTree = "<group>";
		};
/* End PBXGroup section */

/* Begin PBXNativeTarget section */
		4B3EB1492B2C0CC600706EA7 /* ZTodoList */ = {
			isa = PBXNativeTarget;
			buildConfigurationList = 4B3EB1612B2C0CC800706EA7 /* Build configuration list for PBXNativeTarget "ZTodoList" */;
			buildPhases = (
				4B3EB1462B2C0CC600706EA7 /* Sources */,
				4B3EB1472B2C0CC600706EA7 /* Frameworks */,
				4B3EB1482B2C0CC600706EA7 /* Resources */,
			);
			buildRules = (
			);
			dependencies = (
			);
			name = ZTodoList;
			productName = "CoreData TODOList Demo";
			productReference = 4B3EB14A2B2C0CC600706EA7 /* ZTodoList.app */;
			productType = "com.apple.product-type.application";
		};
/* End PBXNativeTarget section */

/* Begin PBXProject section */
		4B3EB1422B2C0CC600706EA7 /* Project object */ = {
			isa = PBXProject;
			attributes = {
				BuildIndependentTargetsInParallel = 1;
				LastSwiftUpdateCheck = 1500;
				LastUpgradeCheck = 1500;
				TargetAttributes = {
					4B3EB1492B2C0CC600706EA7 = {
						CreatedOnToolsVersion = 15.0;
					};
				};
			};
			buildConfigurationList = 4B3EB1452B2C0CC600706EA7 /* Build configuration list for PBXProject "ZTodoList" */;
			compatibilityVersion = "Xcode 14.0";
			developmentRegion = en;
			hasScannedForEncodings = 0;
			knownRegions = (
				en,
				Base,
			);
			mainGroup = 4B3EB1412B2C0CC600706EA7;
			productRefGroup = 4B3EB14B2B2C0CC600706EA7 /* Products */;
			projectDirPath = "";
			projectRoot = "";
			targets = (
				4B3EB1492B2C0CC600706EA7 /* ZTodoList */,
			);
		};
/* End PBXProject section */

/* Begin PBXResourcesBuildPhase section */
		4B3EB1482B2C0CC600706EA7 /* Resources */ = {
			isa = PBXResourcesBuildPhase;
			buildActionMask = 2147483647;
			files = (
				4B3EB15D2B2C0CC800706EA7 /* LaunchScreen.storyboard in Resources */,
				4B3EB15A2B2C0CC800706EA7 /* Assets.xcassets in Resources */,
				4B3EB1552B2C0CC700706EA7 /* Main.storyboard in Resources */,
			);
			runOnlyForDeploymentPostprocessing = 0;
		};
/* End PBXResourcesBuildPhase section */

/* Begin PBXSourcesBuildPhase section */
		4B3EB1462B2C0CC600706EA7 /* Sources */ = {
			isa = PBXSourcesBuildPhase;
			buildActionMask = 2147483647;
			files = (
				4B3EB1522B2C0CC700706EA7 /* ViewController.swift in Sources */,
				4B3EB16A2B2C0F1F00706EA7 /* CoreDataModel.swift in Sources */,
				4B3EB16B2B2C0F1F00706EA7 /* CoreData+extension.swift in Sources */,
				4B3EB14E2B2C0CC600706EA7 /* AppDelegate.swift in Sources */,
				4B3EB1502B2C0CC600706EA7 /* SceneDelegate.swift in Sources */,
				4B3EB1582B2C0CC700706EA7 /* CoreData_TodoList.xcdatamodeld in Sources */,
			);
			runOnlyForDeploymentPostprocessing = 0;
		};
/* End PBXSourcesBuildPhase section */

/* Begin PBXVariantGroup section */
		4B3EB1532B2C0CC700706EA7 /* Main.storyboard */ = {
			isa = PBXVariantGroup;
			children = (
				4B3EB1542B2C0CC700706EA7 /* Base */,
			);
			name = Main.storyboard;
			sourceTree = "<group>";
		};
		4B3EB15B2B2C0CC800706EA7 /* LaunchScreen.storyboard */ = {
			isa = PBXVariantGroup;
			children = (
				4B3EB15C2B2C0CC800706EA7 /* Base */,
			);
			name = LaunchScreen.storyboard;
			sourceTree = "<group>";
		};
/* End PBXVariantGroup section */

/* Begin XCBuildConfiguration section */
		4B3EB15F2B2C0CC800706EA7 /* Debug */ = {
			isa = XCBuildConfiguration;
			buildSettings = {
				ALWAYS_SEARCH_USER_PATHS = NO;
				ASSETCATALOG_COMPILER_GENERATE_SWIFT_ASSET_SYMBOL_EXTENSIONS = YES;
				CLANG_ANALYZER_NONNULL = YES;
				CLANG_ANALYZER_NUMBER_OBJECT_CONVERSION = YES_AGGRESSIVE;
				CLANG_CXX_LANGUAGE_STANDARD = "gnu++20";
				CLANG_ENABLE_MODULES = YES;
				CLANG_ENABLE_OBJC_ARC = YES;
				CLANG_ENABLE_OBJC_WEAK = YES;
				CLANG_WARN_BLOCK_CAPTURE_AUTORELEASING = YES;
				CLANG_WARN_BOOL_CONVERSION = YES;
				CLANG_WARN_COMMA = YES;
				CLANG_WARN_CONSTANT_CONVERSION = YES;
				CLANG_WARN_DEPRECATED_OBJC_IMPLEMENTATIONS = YES;
				CLANG_WARN_DIRECT_OBJC_ISA_USAGE = YES_ERROR;
				CLANG_WARN_DOCUMENTATION_COMMENTS = YES;
				CLANG_WARN_EMPTY_BODY = YES;
				CLANG_WARN_ENUM_CONVERSION = YES;
				CLANG_WARN_INFINITE_RECURSION = YES;
				CLANG_WARN_INT_CONVERSION = YES;
				CLANG_WARN_NON_LITERAL_NULL_CONVERSION = YES;
				CLANG_WARN_OBJC_IMPLICIT_RETAIN_SELF = YES;
				CLANG_WARN_OBJC_LITERAL_CONVERSION = YES;
				CLANG_WARN_OBJC_ROOT_CLASS = YES_ERROR;
				CLANG_WARN_QUOTED_INCLUDE_IN_FRAMEWORK_HEADER = YES;
				CLANG_WARN_RANGE_LOOP_ANALYSIS = YES;
				CLANG_WARN_STRICT_PROTOTYPES = YES;
				CLANG_WARN_SUSPICIOUS_MOVE = YES;
				CLANG_WARN_UNGUARDED_AVAILABILITY = YES_AGGRESSIVE;
				CLANG_WARN_UNREACHABLE_CODE = YES;
				CLANG_WARN__DUPLICATE_METHOD_MATCH = YES;
				COPY_PHASE_STRIP = NO;
				DEBUG_INFORMATION_FORMAT = dwarf;
				ENABLE_STRICT_OBJC_MSGSEND = YES;
				ENABLE_TESTABILITY = YES;
				ENABLE_USER_SCRIPT_SANDBOXING = YES;
				GCC_C_LANGUAGE_STANDARD = gnu17;
				GCC_DYNAMIC_NO_PIC = NO;
				GCC_NO_COMMON_BLOCKS = YES;
				GCC_OPTIMIZATION_LEVEL = 0;
				GCC_PREPROCESSOR_DEFINITIONS = (
					"DEBUG=1",
					"$(inherited)",
				);
				GCC_WARN_64_TO_32_BIT_CONVERSION = YES;
				GCC_WARN_ABOUT_RETURN_TYPE = YES_ERROR;
				GCC_WARN_UNDECLARED_SELECTOR = YES;
				GCC_WARN_UNINITIALIZED_AUTOS = YES_AGGRESSIVE;
				GCC_WARN_UNUSED_FUNCTION = YES;
				GCC_WARN_UNUSED_VARIABLE = YES;
				IPHONEOS_DEPLOYMENT_TARGET = 17.0;
				LOCALIZATION_PREFERS_STRING_CATALOGS = YES;
				MTL_ENABLE_DEBUG_INFO = INCLUDE_SOURCE;
				MTL_FAST_MATH = YES;
				ONLY_ACTIVE_ARCH = YES;
				SDKROOT = iphoneos;
				SWIFT_ACTIVE_COMPILATION_CONDITIONS = "DEBUG $(inherited)";
				SWIFT_OPTIMIZATION_LEVEL = "-Onone";
			};
			name = Debug;
		};
		4B3EB1602B2C0CC800706EA7 /* Release */ = {
			isa = XCBuildConfiguration;
			buildSettings = {
				ALWAYS_SEARCH_USER_PATHS = NO;
				ASSETCATALOG_COMPILER_GENERATE_SWIFT_ASSET_SYMBOL_EXTENSIONS = YES;
				CLANG_ANALYZER_NONNULL = YES;
				CLANG_ANALYZER_NUMBER_OBJECT_CONVERSION = YES_AGGRESSIVE;
				CLANG_CXX_LANGUAGE_STANDARD = "gnu++20";
				CLANG_ENABLE_MODULES = YES;
				CLANG_ENABLE_OBJC_ARC = YES;
				CLANG_ENABLE_OBJC_WEAK = YES;
				CLANG_WARN_BLOCK_CAPTURE_AUTORELEASING = YES;
				CLANG_WARN_BOOL_CONVERSION = YES;
				CLANG_WARN_COMMA = YES;
				CLANG_WARN_CONSTANT_CONVERSION = YES;
				CLANG_WARN_DEPRECATED_OBJC_IMPLEMENTATIONS = YES;
				CLANG_WARN_DIRECT_OBJC_ISA_USAGE = YES_ERROR;
				CLANG_WARN_DOCUMENTATION_COMMENTS = YES;
				CLANG_WARN_EMPTY_BODY = YES;
				CLANG_WARN_ENUM_CONVERSION = YES;
				CLANG_WARN_INFINITE_RECURSION = YES;
				CLANG_WARN_INT_CONVERSION = YES;
				CLANG_WARN_NON_LITERAL_NULL_CONVERSION = YES;
				CLANG_WARN_OBJC_IMPLICIT_RETAIN_SELF = YES;
				CLANG_WARN_OBJC_LITERAL_CONVERSION = YES;
				CLANG_WARN_OBJC_ROOT_CLASS = YES_ERROR;
				CLANG_WARN_QUOTED_INCLUDE_IN_FRAMEWORK_HEADER = YES;
				CLANG_WARN_RANGE_LOOP_ANALYSIS = YES;
				CLANG_WARN_STRICT_PROTOTYPES = YES;
				CLANG_WARN_SUSPICIOUS_MOVE = YES;
				CLANG_WARN_UNGUARDED_AVAILABILITY = YES_AGGRESSIVE;
				CLANG_WARN_UNREACHABLE_CODE = YES;
				CLANG_WARN__DUPLICATE_METHOD_MATCH = YES;
				COPY_PHASE_STRIP = NO;
				DEBUG_INFORMATION_FORMAT = "dwarf-with-dsym";
				ENABLE_NS_ASSERTIONS = NO;
				ENABLE_STRICT_OBJC_MSGSEND = YES;
				ENABLE_USER_SCRIPT_SANDBOXING = YES;
				GCC_C_LANGUAGE_STANDARD = gnu17;
				GCC_NO_COMMON_BLOCKS = YES;
				GCC_WARN_64_TO_32_BIT_CONVERSION = YES;
				GCC_WARN_ABOUT_RETURN_TYPE = YES_ERROR;
				GCC_WARN_UNDECLARED_SELECTOR = YES;
				GCC_WARN_UNINITIALIZED_AUTOS = YES_AGGRESSIVE;
				GCC_WARN_UNUSED_FUNCTION = YES;
				GCC_WARN_UNUSED_VARIABLE = YES;
				IPHONEOS_DEPLOYMENT_TARGET = 17.0;
				LOCALIZATION_PREFERS_STRING_CATALOGS = YES;
				MTL_ENABLE_DEBUG_INFO = NO;
				MTL_FAST_MATH = YES;
				SDKROOT = iphoneos;
				SWIFT_COMPILATION_MODE = wholemodule;
				VALIDATE_PRODUCT = YES;
			};
			name = Release;
		};
		4B3EB1622B2C0CC800706EA7 /* Debug */ = {
			isa = XCBuildConfiguration;
			buildSettings = {
				ASSETCATALOG_COMPILER_APPICON_NAME = AppIcon;
				ASSETCATALOG_COMPILER_GLOBAL_ACCENT_COLOR_NAME = AccentColor;
				CODE_SIGN_STYLE = Automatic;
				CURRENT_PROJECT_VERSION = 1;
				DEVELOPMENT_TEAM = 93BMB37UC5;
				GENERATE_INFOPLIST_FILE = YES;
				INFOPLIST_FILE = ZTodoList/Info.plist;
				INFOPLIST_KEY_UIApplicationSupportsIndirectInputEvents = YES;
				INFOPLIST_KEY_UILaunchStoryboardName = LaunchScreen;
				INFOPLIST_KEY_UIMainStoryboardFile = Main;
				INFOPLIST_KEY_UISupportedInterfaceOrientations_iPad = "UIInterfaceOrientationPortrait UIInterfaceOrientationPortraitUpsideDown UIInterfaceOrientationLandscapeLeft UIInterfaceOrientationLandscapeRight";
				INFOPLIST_KEY_UISupportedInterfaceOrientations_iPhone = "UIInterfaceOrientationPortrait UIInterfaceOrientationLandscapeLeft UIInterfaceOrientationLandscapeRight";
				LD_RUNPATH_SEARCH_PATHS = (
					"$(inherited)",
					"@executable_path/Frameworks",
				);
				MARKETING_VERSION = 1.0;
				PRODUCT_BUNDLE_IDENTIFIER = "com.adwait.coredata.CoreData-TODOList-Demo";
				PRODUCT_NAME = "$(TARGET_NAME)";
				SWIFT_EMIT_LOC_STRINGS = YES;
				SWIFT_VERSION = 5.0;
				TARGETED_DEVICE_FAMILY = "1,2";
			};
			name = Debug;
		};
		4B3EB1632B2C0CC800706EA7 /* Release */ = {
			isa = XCBuildConfiguration;
			buildSettings = {
				ASSETCATALOG_COMPILER_APPICON_NAME = AppIcon;
				ASSETCATALOG_COMPILER_GLOBAL_ACCENT_COLOR_NAME = AccentColor;
				CODE_SIGN_STYLE = Automatic;
				CURRENT_PROJECT_VERSION = 1;
				DEVELOPMENT_TEAM = 93BMB37UC5;
				GENERATE_INFOPLIST_FILE = YES;
				INFOPLIST_FILE = ZTodoList/Info.plist;
				INFOPLIST_KEY_UIApplicationSupportsIndirectInputEvents = YES;
				INFOPLIST_KEY_UILaunchStoryboardName = LaunchScreen;
				INFOPLIST_KEY_UIMainStoryboardFile = Main;
				INFOPLIST_KEY_UISupportedInterfaceOrientations_iPad = "UIInterfaceOrientationPortrait UIInterfaceOrientationPortraitUpsideDown UIInterfaceOrientationLandscapeLeft UIInterfaceOrientationLandscapeRight";
				INFOPLIST_KEY_UISupportedInterfaceOrientations_iPhone = "UIInterfaceOrientationPortrait UIInterfaceOrientationLandscapeLeft UIInterfaceOrientationLandscapeRight";
				LD_RUNPATH_SEARCH_PATHS = (
					"$(inherited)",
					"@executable_path/Frameworks",
				);
				MARKETING_VERSION = 1.0;
				PRODUCT_BUNDLE_IDENTIFIER = "com.adwait.coredata.CoreData-TODOList-Demo";
				PRODUCT_NAME = "$(TARGET_NAME)";
				SWIFT_EMIT_LOC_STRINGS = YES;
				SWIFT_VERSION = 5.0;
				TARGETED_DEVICE_FAMILY = "1,2";
			};
			name = Release;
		};
/* End XCBuildConfiguration section */

/* Begin XCConfigurationList section */
		4B3EB1452B2C0CC600706EA7 /* Build configuration list for PBXProject "ZTodoList" */ = {
			isa = XCConfigurationList;
			buildConfigurations = (
				4B3EB15F2B2C0CC800706EA7 /* Debug */,
				4B3EB1602B2C0CC800706EA7 /* Release */,
			);
			defaultConfigurationIsVisible = 0;
			defaultConfigurationName = Release;
		};
		4B3EB1612B2C0CC800706EA7 /* Build configuration list for PBXNativeTarget "ZTodoList" */ = {
			isa = XCConfigurationList;
			buildConfigurations = (
				4B3EB1622B2C0CC800706EA7 /* Debug */,
				4B3EB1632B2C0CC800706EA7 /* Release */,
			);
			defaultConfigurationIsVisible = 0;
			defaultConfigurationName = Release;
		};
/* End XCConfigurationList section */

/* Begin XCVersionGroup section */
		4B3EB1562B2C0CC700706EA7 /* CoreData_TodoList.xcdatamodeld */ = {
			isa = XCVersionGroup;
			children = (
				4B3EB1572B2C0CC700706EA7 /* CoreData_TODOList_Demo.xcdatamodel */,
			);
			currentVersion = 4B3EB1572B2C0CC700706EA7 /* CoreData_TODOList_Demo.xcdatamodel */;
			path = CoreData_TodoList.xcdatamodeld;
			sourceTree = "<group>";
			versionGroupType = wrapper.xcdatamodel;
		};
/* End XCVersionGroup section */
	};
	rootObject = 4B3EB1422B2C0CC600706EA7 /* Project object */;
}
